// !$*UTF8*$!
{
	archiveVersion = 1;
	classes = {
	};
	objectVersion = 46;
	objects = {

/* Begin PBXBuildFile section */
		00AAFF631C0E3EBD007B99F7 /* AppDelegate.swift in Sources */ = {isa = PBXBuildFile; fileRef = 00AAFF621C0E3EBD007B99F7 /* AppDelegate.swift */; };
		00AAFF651C0E3EBD007B99F7 /* ViewController.swift in Sources */ = {isa = PBXBuildFile; fileRef = 00AAFF641C0E3EBD007B99F7 /* ViewController.swift */; };
		00AAFF681C0E3EBD007B99F7 /* Main.storyboard in Resources */ = {isa = PBXBuildFile; fileRef = 00AAFF661C0E3EBD007B99F7 /* Main.storyboard */; };
		00AAFF6A1C0E3EBD007B99F7 /* Assets.xcassets in Resources */ = {isa = PBXBuildFile; fileRef = 00AAFF691C0E3EBD007B99F7 /* Assets.xcassets */; };
		00AAFF6D1C0E3EBD007B99F7 /* LaunchScreen.storyboard in Resources */ = {isa = PBXBuildFile; fileRef = 00AAFF6B1C0E3EBD007B99F7 /* LaunchScreen.storyboard */; };
		00AAFF781C0E3EBD007B99F7 /* Silly_SongTests.swift in Sources */ = {isa = PBXBuildFile; fileRef = 00AAFF771C0E3EBD007B99F7 /* Silly_SongTests.swift */; };
		00AAFF831C0E3EBD007B99F7 /* Silly_SongUITests.swift in Sources */ = {isa = PBXBuildFile; fileRef = 00AAFF821C0E3EBD007B99F7 /* Silly_SongUITests.swift */; };
/* End PBXBuildFile section */

/* Begin PBXContainerItemProxy section */
		00AAFF741C0E3EBD007B99F7 /* PBXContainerItemProxy */ = {
			isa = PBXContainerItemProxy;
			containerPortal = 00AAFF571C0E3EBD007B99F7 /* Project object */;
			proxyType = 1;
			remoteGlobalIDString = 00AAFF5E1C0E3EBD007B99F7;
			remoteInfo = "Silly Song";
		};
		00AAFF7F1C0E3EBD007B99F7 /* PBXContainerItemProxy */ = {
			isa = PBXContainerItemProxy;
			containerPortal = 00AAFF571C0E3EBD007B99F7 /* Project object */;
			proxyType = 1;
			remoteGlobalIDString = 00AAFF5E1C0E3EBD007B99F7;
			remoteInfo = "Silly Song";
		};
/* End PBXContainerItemProxy section */

/* Begin PBXFileReference section */
		00AAFF5F1C0E3EBD007B99F7 /* Silly Song.app */ = {isa = PBXFileReference; explicitFileType = wrapper.application; includeInIndex = 0; path = "Silly Song.app"; sourceTree = BUILT_PRODUCTS_DIR; };
		00AAFF621C0E3EBD007B99F7 /* AppDelegate.swift */ = {isa = PBXFileReference; lastKnownFileType = sourcecode.swift; path = AppDelegate.swift; sourceTree = "<group>"; };
		00AAFF641C0E3EBD007B99F7 /* ViewController.swift */ = {isa = PBXFileReference; lastKnownFileType = sourcecode.swift; path = ViewController.swift; sourceTree = "<group>"; };
		00AAFF671C0E3EBD007B99F7 /* Base */ = {isa = PBXFileReference; lastKnownFileType = file.storyboard; name = Base; path = Base.lproj/Main.storyboard; sourceTree = "<group>"; };
		00AAFF691C0E3EBD007B99F7 /* Assets.xcassets */ = {isa = PBXFileReference; lastKnownFileType = folder.assetcatalog; path = Assets.xcassets; sourceTree = "<group>"; };
		00AAFF6C1C0E3EBD007B99F7 /* Base */ = {isa = PBXFileReference; lastKnownFileType = file.storyboard; name = Base; path = Base.lproj/LaunchScreen.storyboard; sourceTree = "<group>"; };
		00AAFF6E1C0E3EBD007B99F7 /* Info.plist */ = {isa = PBXFileReference; lastKnownFileType = text.plist.xml; path = Info.plist; sourceTree = "<group>"; };
		00AAFF731C0E3EBD007B99F7 /* Silly SongTests.xctest */ = {isa = PBXFileReference; explicitFileType = wrapper.cfbundle; includeInIndex = 0; path = "Silly SongTests.xctest"; sourceTree = BUILT_PRODUCTS_DIR; };
		00AAFF771C0E3EBD007B99F7 /* Silly_SongTests.swift */ = {isa = PBXFileReference; lastKnownFileType = sourcecode.swift; path = Silly_SongTests.swift; sourceTree = "<group>"; };
		00AAFF791C0E3EBD007B99F7 /* Info.plist */ = {isa = PBXFileReference; lastKnownFileType = text.plist.xml; path = Info.plist; sourceTree = "<group>"; };
		00AAFF7E1C0E3EBD007B99F7 /* Silly SongUITests.xctest */ = {isa = PBXFileReference; explicitFileType = wrapper.cfbundle; includeInIndex = 0; path = "Silly SongUITests.xctest"; sourceTree = BUILT_PRODUCTS_DIR; };
		00AAFF821C0E3EBD007B99F7 /* Silly_SongUITests.swift */ = {isa = PBXFileReference; lastKnownFileType = sourcecode.swift; path = Silly_SongUITests.swift; sourceTree = "<group>"; };
		00AAFF841C0E3EBD007B99F7 /* Info.plist */ = {isa = PBXFileReference; lastKnownFileType = text.plist.xml; path = Info.plist; sourceTree = "<group>"; };
/* End PBXFileReference section */

/* Begin PBXFrameworksBuildPhase section */
		00AAFF5C1C0E3EBD007B99F7 /* Frameworks */ = {
			isa = PBXFrameworksBuildPhase;
			buildActionMask = 2147483647;
			files = (
			);
			runOnlyForDeploymentPostprocessing = 0;
		};
		00AAFF701C0E3EBD007B99F7 /* Frameworks */ = {
			isa = PBXFrameworksBuildPhase;
			buildActionMask = 2147483647;
			files = (
			);
			runOnlyForDeploymentPostprocessing = 0;
		};
		00AAFF7B1C0E3EBD007B99F7 /* Frameworks */ = {
			isa = PBXFrameworksBuildPhase;
			buildActionMask = 2147483647;
			files = (
			);
			runOnlyForDeploymentPostprocessing = 0;
		};
/* End PBXFrameworksBuildPhase section */

/* Begin PBXGroup section */
		00AAFF561C0E3EBD007B99F7 = {
			isa = PBXGroup;
			children = (
				00AAFF611C0E3EBD007B99F7 /* Silly Song */,
				00AAFF761C0E3EBD007B99F7 /* Silly SongTests */,
				00AAFF811C0E3EBD007B99F7 /* Silly SongUITests */,
				00AAFF601C0E3EBD007B99F7 /* Products */,
			);
			sourceTree = "<group>";
		};
		00AAFF601C0E3EBD007B99F7 /* Products */ = {
			isa = PBXGroup;
			children = (
				00AAFF5F1C0E3EBD007B99F7 /* Silly Song.app */,
				00AAFF731C0E3EBD007B99F7 /* Silly SongTests.xctest */,
				00AAFF7E1C0E3EBD007B99F7 /* Silly SongUITests.xctest */,
			);
			name = Products;
			sourceTree = "<group>";
		};
		00AAFF611C0E3EBD007B99F7 /* Silly Song */ = {
			isa = PBXGroup;
			children = (
				00AAFF621C0E3EBD007B99F7 /* AppDelegate.swift */,
				00AAFF641C0E3EBD007B99F7 /* ViewController.swift */,
				00AAFF661C0E3EBD007B99F7 /* Main.storyboard */,
				00AAFF691C0E3EBD007B99F7 /* Assets.xcassets */,
				00AAFF6B1C0E3EBD007B99F7 /* LaunchScreen.storyboard */,
				00AAFF6E1C0E3EBD007B99F7 /* Info.plist */,
			);
			path = "Silly Song";
			sourceTree = "<group>";
		};
		00AAFF761C0E3EBD007B99F7 /* Silly SongTests */ = {
			isa = PBXGroup;
			children = (
				00AAFF771C0E3EBD007B99F7 /* Silly_SongTests.swift */,
				00AAFF791C0E3EBD007B99F7 /* Info.plist */,
			);
			path = "Silly SongTests";
			sourceTree = "<group>";
		};
		00AAFF811C0E3EBD007B99F7 /* Silly SongUITests */ = {
			isa = PBXGroup;
			children = (
				00AAFF821C0E3EBD007B99F7 /* Silly_SongUITests.swift */,
				00AAFF841C0E3EBD007B99F7 /* Info.plist */,
			);
			path = "Silly SongUITests";
			sourceTree = "<group>";
		};
/* End PBXGroup section */

/* Begin PBXNativeTarget section */
		00AAFF5E1C0E3EBD007B99F7 /* Silly Song */ = {
			isa = PBXNativeTarget;
			buildConfigurationList = 00AAFF871C0E3EBD007B99F7 /* Build configuration list for PBXNativeTarget "Silly Song" */;
			buildPhases = (
				00AAFF5B1C0E3EBD007B99F7 /* Sources */,
				00AAFF5C1C0E3EBD007B99F7 /* Frameworks */,
				00AAFF5D1C0E3EBD007B99F7 /* Resources */,
			);
			buildRules = (
			);
			dependencies = (
			);
			name = "Silly Song";
			productName = "Silly Song";
			productReference = 00AAFF5F1C0E3EBD007B99F7 /* Silly Song.app */;
			productType = "com.apple.product-type.application";
		};
		00AAFF721C0E3EBD007B99F7 /* Silly SongTests */ = {
			isa = PBXNativeTarget;
			buildConfigurationList = 00AAFF8A1C0E3EBD007B99F7 /* Build configuration list for PBXNativeTarget "Silly SongTests" */;
			buildPhases = (
				00AAFF6F1C0E3EBD007B99F7 /* Sources */,
				00AAFF701C0E3EBD007B99F7 /* Frameworks */,
				00AAFF711C0E3EBD007B99F7 /* Resources */,
			);
			buildRules = (
			);
			dependencies = (
				00AAFF751C0E3EBD007B99F7 /* PBXTargetDependency */,
			);
			name = "Silly SongTests";
			productName = "Silly SongTests";
			productReference = 00AAFF731C0E3EBD007B99F7 /* Silly SongTests.xctest */;
			productType = "com.apple.product-type.bundle.unit-test";
		};
		00AAFF7D1C0E3EBD007B99F7 /* Silly SongUITests */ = {
			isa = PBXNativeTarget;
			buildConfigurationList = 00AAFF8D1C0E3EBD007B99F7 /* Build configuration list for PBXNativeTarget "Silly SongUITests" */;
			buildPhases = (
				00AAFF7A1C0E3EBD007B99F7 /* Sources */,
				00AAFF7B1C0E3EBD007B99F7 /* Frameworks */,
				00AAFF7C1C0E3EBD007B99F7 /* Resources */,
			);
			buildRules = (
			);
			dependencies = (
				00AAFF801C0E3EBD007B99F7 /* PBXTargetDependency */,
			);
			name = "Silly SongUITests";
			productName = "Silly SongUITests";
			productReference = 00AAFF7E1C0E3EBD007B99F7 /* Silly SongUITests.xctest */;
			productType = "com.apple.product-type.bundle.ui-testing";
		};
/* End PBXNativeTarget section */

/* Begin PBXProject section */
		00AAFF571C0E3EBD007B99F7 /* Project object */ = {
			isa = PBXProject;
			attributes = {
				LastSwiftUpdateCheck = 0710;
				LastUpgradeCheck = 0710;
				ORGANIZATIONNAME = "Roberto Zanchi";
				TargetAttributes = {
					00AAFF5E1C0E3EBD007B99F7 = {
						CreatedOnToolsVersion = 7.1.1;
						DevelopmentTeam = 7B7RLENU42;
					};
					00AAFF721C0E3EBD007B99F7 = {
						CreatedOnToolsVersion = 7.1.1;
						DevelopmentTeam = 7B7RLENU42;
						TestTargetID = 00AAFF5E1C0E3EBD007B99F7;
					};
					00AAFF7D1C0E3EBD007B99F7 = {
						CreatedOnToolsVersion = 7.1.1;
						DevelopmentTeam = 7B7RLENU42;
						TestTargetID = 00AAFF5E1C0E3EBD007B99F7;
					};
				};
			};
			buildConfigurationList = 00AAFF5A1C0E3EBD007B99F7 /* Build configuration list for PBXProject "Silly Song" */;
			compatibilityVersion = "Xcode 3.2";
			developmentRegion = English;
			hasScannedForEncodings = 0;
			knownRegions = (
				en,
				Base,
			);
			mainGroup = 00AAFF561C0E3EBD007B99F7;
			productRefGroup = 00AAFF601C0E3EBD007B99F7 /* Products */;
			projectDirPath = "";
			projectRoot = "";
			targets = (
				00AAFF5E1C0E3EBD007B99F7 /* Silly Song */,
				00AAFF721C0E3EBD007B99F7 /* Silly SongTests */,
				00AAFF7D1C0E3EBD007B99F7 /* Silly SongUITests */,
			);
		};
/* End PBXProject section */

/* Begin PBXResourcesBuildPhase section */
		00AAFF5D1C0E3EBD007B99F7 /* Resources */ = {
			isa = PBXResourcesBuildPhase;
			buildActionMask = 2147483647;
			files = (
				00AAFF6D1C0E3EBD007B99F7 /* LaunchScreen.storyboard in Resources */,
				00AAFF6A1C0E3EBD007B99F7 /* Assets.xcassets in Resources */,
				00AAFF681C0E3EBD007B99F7 /* Main.storyboard in Resources */,
			);
			runOnlyForDeploymentPostprocessing = 0;
		};
		00AAFF711C0E3EBD007B99F7 /* Resources */ = {
			isa = PBXResourcesBuildPhase;
			buildActionMask = 2147483647;
			files = (
			);
			runOnlyForDeploymentPostprocessing = 0;
		};
		00AAFF7C1C0E3EBD007B99F7 /* Resources */ = {
			isa = PBXResourcesBuildPhase;
			buildActionMask = 2147483647;
			files = (
			);
			runOnlyForDeploymentPostprocessing = 0;
		};
/* End PBXResourcesBuildPhase section */

/* Begin PBXSourcesBuildPhase section */
		00AAFF5B1C0E3EBD007B99F7 /* Sources */ = {
			isa = PBXSourcesBuildPhase;
			buildActionMask = 2147483647;
			files = (
				00AAFF651C0E3EBD007B99F7 /* ViewController.swift in Sources */,
				00AAFF631C0E3EBD007B99F7 /* AppDelegate.swift in Sources */,
			);
			runOnlyForDeploymentPostprocessing = 0;
		};
		00AAFF6F1C0E3EBD007B99F7 /* Sources */ = {
			isa = PBXSourcesBuildPhase;
			buildActionMask = 2147483647;
			files = (
				00AAFF781C0E3EBD007B99F7 /* Silly_SongTests.swift in Sources */,
			);
			runOnlyForDeploymentPostprocessing = 0;
		};
		00AAFF7A1C0E3EBD007B99F7 /* Sources */ = {
			isa = PBXSourcesBuildPhase;
			buildActionMask = 2147483647;
			files = (
				00AAFF831C0E3EBD007B99F7 /* Silly_SongUITests.swift in Sources */,
			);
			runOnlyForDeploymentPostprocessing = 0;
		};
/* End PBXSourcesBuildPhase section */

/* Begin PBXTargetDependency section */
		00AAFF751C0E3EBD007B99F7 /* PBXTargetDependency */ = {
			isa = PBXTargetDependency;
			target = 00AAFF5E1C0E3EBD007B99F7 /* Silly Song */;
			targetProxy = 00AAFF741C0E3EBD007B99F7 /* PBXContainerItemProxy */;
		};
		00AAFF801C0E3EBD007B99F7 /* PBXTargetDependency */ = {
			isa = PBXTargetDependency;
			target = 00AAFF5E1C0E3EBD007B99F7 /* Silly Song */;
			targetProxy = 00AAFF7F1C0E3EBD007B99F7 /* PBXContainerItemProxy */;
		};
/* End PBXTargetDependency section */

/* Begin PBXVariantGroup section */
		00AAFF661C0E3EBD007B99F7 /* Main.storyboard */ = {
			isa = PBXVariantGroup;
			children = (
				00AAFF671C0E3EBD007B99F7 /* Base */,
			);
			name = Main.storyboard;
			sourceTree = "<group>";
		};
		00AAFF6B1C0E3EBD007B99F7 /* LaunchScreen.storyboard */ = {
			isa = PBXVariantGroup;
			children = (
				00AAFF6C1C0E3EBD007B99F7 /* Base */,
			);
			name = LaunchScreen.storyboard;
			sourceTree = "<group>";
		};
/* End PBXVariantGroup section */

/* Begin XCBuildConfiguration section */
		00AAFF851C0E3EBD007B99F7 /* Debug */ = {
			isa = XCBuildConfiguration;
			buildSettings = {
				ALWAYS_SEARCH_USER_PATHS = NO;
				CLANG_CXX_LANGUAGE_STANDARD = "gnu++0x";
				CLANG_CXX_LIBRARY = "libc++";
				CLANG_ENABLE_MODULES = YES;
				CLANG_ENABLE_OBJC_ARC = YES;
				CLANG_WARN_BOOL_CONVERSION = YES;
				CLANG_WARN_CONSTANT_CONVERSION = YES;
				CLANG_WARN_DIRECT_OBJC_ISA_USAGE = YES_ERROR;
				CLANG_WARN_EMPTY_BODY = YES;
				CLANG_WARN_ENUM_CONVERSION = YES;
				CLANG_WARN_INT_CONVERSION = YES;
				CLANG_WARN_OBJC_ROOT_CLASS = YES_ERROR;
				CLANG_WARN_UNREACHABLE_CODE = YES;
				CLANG_WARN__DUPLICATE_METHOD_MATCH = YES;
				"CODE_SIGN_IDENTITY[sdk=iphoneos*]" = "iPhone Developer";
				COPY_PHASE_STRIP = NO;
				DEBUG_INFORMATION_FORMAT = dwarf;
				ENABLE_STRICT_OBJC_MSGSEND = YES;
				ENABLE_TESTABILITY = YES;
				GCC_C_LANGUAGE_STANDARD = gnu99;
				GCC_DYNAMIC_NO_PIC = NO;
				GCC_NO_COMMON_BLOCKS = YES;
				GCC_OPTIMIZATION_LEVEL = 0;
				GCC_PREPROCESSOR_DEFINITIONS = (
					"DEBUG=1",
					"$(inherited)",
				);
				GCC_WARN_64_TO_32_BIT_CONVERSION = YES;
				GCC_WARN_ABOUT_RETURN_TYPE = YES_ERROR;
				GCC_WARN_UNDECLARED_SELECTOR = YES;
				GCC_WARN_UNINITIALIZED_AUTOS = YES_AGGRESSIVE;
				GCC_WARN_UNUSED_FUNCTION = YES;
				GCC_WARN_UNUSED_VARIABLE = YES;
				IPHONEOS_DEPLOYMENT_TARGET = 9.1;
				MTL_ENABLE_DEBUG_INFO = YES;
				ONLY_ACTIVE_ARCH = YES;
				SDKROOT = iphoneos;
				SWIFT_OPTIMIZATION_LEVEL = "-Onone";
			};
			name = Debug;
		};
		00AAFF861C0E3EBD007B99F7 /* Release */ = {
			isa = XCBuildConfiguration;
			buildSettings = {
				ALWAYS_SEARCH_USER_PATHS = NO;
				CLANG_CXX_LANGUAGE_STANDARD = "gnu++0x";
				CLANG_CXX_LIBRARY = "libc++";
				CLANG_ENABLE_MODULES = YES;
				CLANG_ENABLE_OBJC_ARC = YES;
				CLANG_WARN_BOOL_CONVERSION = YES;
				CLANG_WARN_CONSTANT_CONVERSION = YES;
				CLANG_WARN_DIRECT_OBJC_ISA_USAGE = YES_ERROR;
				CLANG_WARN_EMPTY_BODY = YES;
				CLANG_WARN_ENUM_CONVERSION = YES;
				CLANG_WARN_INT_CONVERSION = YES;
				CLANG_WARN_OBJC_ROOT_CLASS = YES_ERROR;
				CLANG_WARN_UNREACHABLE_CODE = YES;
				CLANG_WARN__DUPLICATE_METHOD_MATCH = YES;
				"CODE_SIGN_IDENTITY[sdk=iphoneos*]" = "iPhone Developer";
				COPY_PHASE_STRIP = NO;
				DEBUG_INFORMATION_FORMAT = "dwarf-with-dsym";
				ENABLE_NS_ASSERTIONS = NO;
				ENABLE_STRICT_OBJC_MSGSEND = YES;
				GCC_C_LANGUAGE_STANDARD = gnu99;
				GCC_NO_COMMON_BLOCKS = YES;
				GCC_WARN_64_TO_32_BIT_CONVERSION = YES;
				GCC_WARN_ABOUT_RETURN_TYPE = YES_ERROR;
				GCC_WARN_UNDECLARED_SELECTOR = YES;
				GCC_WARN_UNINITIALIZED_AUTOS = YES_AGGRESSIVE;
				GCC_WARN_UNUSED_FUNCTION = YES;
				GCC_WARN_UNUSED_VARIABLE = YES;
				IPHONEOS_DEPLOYMENT_TARGET = 9.1;
				MTL_ENABLE_DEBUG_INFO = NO;
				SDKROOT = iphoneos;
				VALIDATE_PRODUCT = YES;
			};
			name = Release;
		};
		00AAFF881C0E3EBD007B99F7 /* Debug */ = {
			isa = XCBuildConfiguration;
			buildSettings = {
				ASSETCATALOG_COMPILER_APPICON_NAME = AppIcon;
				INFOPLIST_FILE = "Silly Song/Info.plist";
				LD_RUNPATH_SEARCH_PATHS = "$(inherited) @executable_path/Frameworks";
				PRODUCT_BUNDLE_IDENTIFIER = "com.robertozanchi.Silly-Song";
				PRODUCT_NAME = "$(TARGET_NAME)";
			};
			name = Debug;
		};
		00AAFF891C0E3EBD007B99F7 /* Release */ = {
			isa = XCBuildConfiguration;
			buildSettings = {
				ASSETCATALOG_COMPILER_APPICON_NAME = AppIcon;
				INFOPLIST_FILE = "Silly Song/Info.plist";
				LD_RUNPATH_SEARCH_PATHS = "$(inherited) @executable_path/Frameworks";
				PRODUCT_BUNDLE_IDENTIFIER = "com.robertozanchi.Silly-Song";
				PRODUCT_NAME = "$(TARGET_NAME)";
			};
			name = Release;
		};
		00AAFF8B1C0E3EBD007B99F7 /* Debug */ = {
			isa = XCBuildConfiguration;
			buildSettings = {
				BUNDLE_LOADER = "$(TEST_HOST)";
				INFOPLIST_FILE = "Silly SongTests/Info.plist";
				LD_RUNPATH_SEARCH_PATHS = "$(inherited) @executable_path/Frameworks @loader_path/Frameworks";
				PRODUCT_BUNDLE_IDENTIFIER = "com.robertozanchi.Silly-SongTests";
				PRODUCT_NAME = "$(TARGET_NAME)";
				TEST_HOST = "$(BUILT_PRODUCTS_DIR)/Silly Song.app/Silly Song";
			};
			name = Debug;
		};
		00AAFF8C1C0E3EBD007B99F7 /* Release */ = {
			isa = XCBuildConfiguration;
			buildSettings = {
				BUNDLE_LOADER = "$(TEST_HOST)";
				INFOPLIST_FILE = "Silly SongTests/Info.plist";
				LD_RUNPATH_SEARCH_PATHS = "$(inherited) @executable_path/Frameworks @loader_path/Frameworks";
				PRODUCT_BUNDLE_IDENTIFIER = "com.robertozanchi.Silly-SongTests";
				PRODUCT_NAME = "$(TARGET_NAME)";
				TEST_HOST = "$(BUILT_PRODUCTS_DIR)/Silly Song.app/Silly Song";
			};
			name = Release;
		};
		00AAFF8E1C0E3EBD007B99F7 /* Debug */ = {
			isa = XCBuildConfiguration;
			buildSettings = {
				INFOPLIST_FILE = "Silly SongUITests/Info.plist";
				LD_RUNPATH_SEARCH_PATHS = "$(inherited) @executable_path/Frameworks @loader_path/Frameworks";
				PRODUCT_BUNDLE_IDENTIFIER = "com.robertozanchi.Silly-SongUITests";
				PRODUCT_NAME = "$(TARGET_NAME)";
				TEST_TARGET_NAME = "Silly Song";
				USES_XCTRUNNER = YES;
			};
			name = Debug;
		};
		00AAFF8F1C0E3EBD007B99F7 /* Release */ = {
			isa = XCBuildConfiguration;
			buildSettings = {
				INFOPLIST_FILE = "Silly SongUITests/Info.plist";
				LD_RUNPATH_SEARCH_PATHS = "$(inherited) @executable_path/Frameworks @loader_path/Frameworks";
				PRODUCT_BUNDLE_IDENTIFIER = "com.robertozanchi.Silly-SongUITests";
				PRODUCT_NAME = "$(TARGET_NAME)";
				TEST_TARGET_NAME = "Silly Song";
				USES_XCTRUNNER = YES;
			};
			name = Release;
		};
/* End XCBuildConfiguration section */

/* Begin XCConfigurationList section */
		00AAFF5A1C0E3EBD007B99F7 /* Build configuration list for PBXProject "Silly Song" */ = {
			isa = XCConfigurationList;
			buildConfigurations = (
				00AAFF851C0E3EBD007B99F7 /* Debug */,
				00AAFF861C0E3EBD007B99F7 /* Release */,
			);
			defaultConfigurationIsVisible = 0;
			defaultConfigurationName = Release;
		};
		00AAFF871C0E3EBD007B99F7 /* Build configuration list for PBXNativeTarget "Silly Song" */ = {
			isa = XCConfigurationList;
			buildConfigurations = (
				00AAFF881C0E3EBD007B99F7 /* Debug */,
				00AAFF891C0E3EBD007B99F7 /* Release */,
			);
			defaultConfigurationIsVisible = 0;
		};
		00AAFF8A1C0E3EBD007B99F7 /* Build configuration list for PBXNativeTarget "Silly SongTests" */ = {
			isa = XCConfigurationList;
			buildConfigurations = (
				00AAFF8B1C0E3EBD007B99F7 /* Debug */,
				00AAFF8C1C0E3EBD007B99F7 /* Release */,
			);
			defaultConfigurationIsVisible = 0;
		};
		00AAFF8D1C0E3EBD007B99F7 /* Build configuration list for PBXNativeTarget "Silly SongUITests" */ = {
			isa = XCConfigurationList;
			buildConfigurations = (
				00AAFF8E1C0E3EBD007B99F7 /* Debug */,
				00AAFF8F1C0E3EBD007B99F7 /* Release */,
			);
			defaultConfigurationIsVisible = 0;
		};
/* End XCConfigurationList section */
	};
	rootObject = 00AAFF571C0E3EBD007B99F7 /* Project object */;
}
